
Microsoft Visual Studio Solution File, Format Version 12.00
# Visual Studio Version 16
VisualStudioVersion = 16.0.30621.155
MinimumVisualStudioVersion = 10.0.40219.1
Project("{FAE04EC0-301F-11D3-BF4B-00C04F79EFBC}") = "Youtube", "Youtube\Youtube.csproj", "{92CFD1DD-791B-4064-8ACF-C5D49108F707}"
EndProject
Global
	GlobalSection(SolutionConfigurationPlatforms) = preSolution
		Debug|Any CPU = Debug|Any CPU
		Release|Any CPU = Release|Any CPU
	EndGlobalSection
	GlobalSection(ProjectConfigurationPlatforms) = postSolution
		{92CFD1DD-791B-4064-8ACF-C5D49108F707}.Debug|Any CPU.ActiveCfg = Debug|Any CPU
		{92CFD1DD-791B-4064-8ACF-C5D49108F707}.Debug|Any CPU.Build.0 = Debug|Any CPU
		{92CFD1DD-791B-4064-8ACF-C5D49108F707}.Release|Any CPU.ActiveCfg = Release|Any CPU
		{92CFD1DD-791B-4064-8ACF-C5D49108F707}.Release|Any CPU.Build.0 = Release|Any CPU
	EndGlobalSection
	GlobalSection(SolutionProperties) = preSolution
		HideSolutionNode = FALSE
	EndGlobalSection
	GlobalSection(ExtensibilityGlobals) = postSolution
		SolutionGuid = {522392B9-1D12-4D57-835C-CBFCCBD3F1FF}
	EndGlobalSection
EndGlobal
